
Microsoft Visual Studio Solution File, Format Version 12.00
# Visual Studio Version 17
VisualStudioVersion = 17.9.34723.18
MinimumVisualStudioVersion = 10.0.40219.1
Project("{FAE04EC0-301F-11D3-BF4B-00C04F79EFBC}") = "ProductManagementDomainLayer", "ProductManagementDomainLayer\ProductManagementDomainLayer.csproj", "{A0D0FE1A-89BF-428A-956B-62AB3FDCFCF8}"
EndProject
Project("{FAE04EC0-301F-11D3-BF4B-00C04F79EFBC}") = "ProductManagementDataAccess", "ProductManagementDataAccess\ProductManagementDataAccess.csproj", "{1B48AFCD-8982-4BD8-9A47-C0CC2E9A2577}"
EndProject
Project("{FAE04EC0-301F-11D3-BF4B-00C04F79EFBC}") = "ProductManagement", "ProductManagement\ProductManagement.csproj", "{BFA7DCBF-F906-4C29-90F8-65CF88165DD9}"
EndProject
Global
	GlobalSection(SolutionConfigurationPlatforms) = preSolution
		Debug|Any CPU = Debug|Any CPU
		Release|Any CPU = Release|Any CPU
	EndGlobalSection
	GlobalSection(ProjectConfigurationPlatforms) = postSolution
		{A0D0FE1A-89BF-428A-956B-62AB3FDCFCF8}.Debug|Any CPU.ActiveCfg = Debug|Any CPU
		{A0D0FE1A-89BF-428A-956B-62AB3FDCFCF8}.Debug|Any CPU.Build.0 = Debug|Any CPU
		{A0D0FE1A-89BF-428A-956B-62AB3FDCFCF8}.Release|Any CPU.ActiveCfg = Release|Any CPU
		{A0D0FE1A-89BF-428A-956B-62AB3FDCFCF8}.Release|Any CPU.Build.0 = Release|Any CPU
		{1B48AFCD-8982-4BD8-9A47-C0CC2E9A2577}.Debug|Any CPU.ActiveCfg = Debug|Any CPU
		{1B48AFCD-8982-4BD8-9A47-C0CC2E9A2577}.Debug|Any CPU.Build.0 = Debug|Any CPU
		{1B48AFCD-8982-4BD8-9A47-C0CC2E9A2577}.Release|Any CPU.ActiveCfg = Release|Any CPU
		{1B48AFCD-8982-4BD8-9A47-C0CC2E9A2577}.Release|Any CPU.Build.0 = Release|Any CPU
		{BFA7DCBF-F906-4C29-90F8-65CF88165DD9}.Debug|Any CPU.ActiveCfg = Debug|Any CPU
		{BFA7DCBF-F906-4C29-90F8-65CF88165DD9}.Debug|Any CPU.Build.0 = Debug|Any CPU
		{BFA7DCBF-F906-4C29-90F8-65CF88165DD9}.Release|Any CPU.ActiveCfg = Release|Any CPU
		{BFA7DCBF-F906-4C29-90F8-65CF88165DD9}.Release|Any CPU.Build.0 = Release|Any CPU
	EndGlobalSection
	GlobalSection(SolutionProperties) = preSolution
		HideSolutionNode = FALSE
	EndGlobalSection
	GlobalSection(ExtensibilityGlobals) = postSolution
		SolutionGuid = {06276614-2E39-4A2A-947D-6FB43C9C2B2C}
	EndGlobalSection
EndGlobal
